// !$*UTF8*$!
{
	archiveVersion = 1;
	classes = {
	};
	objectVersion = 48;
	objects = {

/* Begin PBXBuildFile section */
		9A7B9EA920621DBC0011ACF1 /* AppDelegate.swift in Sources */ = {isa = PBXBuildFile; fileRef = 9A7B9EA820621DBC0011ACF1 /* AppDelegate.swift */; };
		9A7B9EAB20621DBC0011ACF1 /* ViewController.swift in Sources */ = {isa = PBXBuildFile; fileRef = 9A7B9EAA20621DBC0011ACF1 /* ViewController.swift */; };
		9A7B9EAE20621DBC0011ACF1 /* Main.storyboard in Resources */ = {isa = PBXBuildFile; fileRef = 9A7B9EAC20621DBC0011ACF1 /* Main.storyboard */; };
		9A7B9EB020621DBC0011ACF1 /* Assets.xcassets in Resources */ = {isa = PBXBuildFile; fileRef = 9A7B9EAF20621DBC0011ACF1 /* Assets.xcassets */; };
		9A7B9EB320621DBC0011ACF1 /* LaunchScreen.storyboard in Resources */ = {isa = PBXBuildFile; fileRef = 9A7B9EB120621DBC0011ACF1 /* LaunchScreen.storyboard */; };
		9A7B9EBE20621DBC0011ACF1 /* FirstAppTests.swift in Sources */ = {isa = PBXBuildFile; fileRef = 9A7B9EBD20621DBC0011ACF1 /* FirstAppTests.swift */; };
		9A7B9EC920621DBC0011ACF1 /* FirstAppUITests.swift in Sources */ = {isa = PBXBuildFile; fileRef = 9A7B9EC820621DBC0011ACF1 /* FirstAppUITests.swift */; };
/* End PBXBuildFile section */

/* Begin PBXContainerItemProxy section */
		9A7B9EBA20621DBC0011ACF1 /* PBXContainerItemProxy */ = {
			isa = PBXContainerItemProxy;
			containerPortal = 9A7B9E9D20621DBC0011ACF1 /* Project object */;
			proxyType = 1;
			remoteGlobalIDString = 9A7B9EA420621DBC0011ACF1;
			remoteInfo = FirstApp;
		};
		9A7B9EC520621DBC0011ACF1 /* PBXContainerItemProxy */ = {
			isa = PBXContainerItemProxy;
			containerPortal = 9A7B9E9D20621DBC0011ACF1 /* Project object */;
			proxyType = 1;
			remoteGlobalIDString = 9A7B9EA420621DBC0011ACF1;
			remoteInfo = FirstApp;
		};
/* End PBXContainerItemProxy section */

/* Begin PBXFileReference section */
		9A7B9EA520621DBC0011ACF1 /* FirstApp.app */ = {isa = PBXFileReference; explicitFileType = wrapper.application; includeInIndex = 0; path = FirstApp.app; sourceTree = BUILT_PRODUCTS_DIR; };
		9A7B9EA820621DBC0011ACF1 /* AppDelegate.swift */ = {isa = PBXFileReference; lastKnownFileType = sourcecode.swift; path = AppDelegate.swift; sourceTree = "<group>"; };
		9A7B9EAA20621DBC0011ACF1 /* ViewController.swift */ = {isa = PBXFileReference; lastKnownFileType = sourcecode.swift; path = ViewController.swift; sourceTree = "<group>"; };
		9A7B9EAD20621DBC0011ACF1 /* Base */ = {isa = PBXFileReference; lastKnownFileType = file.storyboard; name = Base; path = Base.lproj/Main.storyboard; sourceTree = "<group>"; };
		9A7B9EAF20621DBC0011ACF1 /* Assets.xcassets */ = {isa = PBXFileReference; lastKnownFileType = folder.assetcatalog; path = Assets.xcassets; sourceTree = "<group>"; };
		9A7B9EB220621DBC0011ACF1 /* Base */ = {isa = PBXFileReference; lastKnownFileType = file.storyboard; name = Base; path = Base.lproj/LaunchScreen.storyboard; sourceTree = "<group>"; };
		9A7B9EB420621DBC0011ACF1 /* Info.plist */ = {isa = PBXFileReference; lastKnownFileType = text.plist.xml; path = Info.plist; sourceTree = "<group>"; };
		9A7B9EB920621DBC0011ACF1 /* FirstAppTests.xctest */ = {isa = PBXFileReference; explicitFileType = wrapper.cfbundle; includeInIndex = 0; path = FirstAppTests.xctest; sourceTree = BUILT_PRODUCTS_DIR; };
		9A7B9EBD20621DBC0011ACF1 /* FirstAppTests.swift */ = {isa = PBXFileReference; lastKnownFileType = sourcecode.swift; path = FirstAppTests.swift; sourceTree = "<group>"; };
		9A7B9EBF20621DBC0011ACF1 /* Info.plist */ = {isa = PBXFileReference; lastKnownFileType = text.plist.xml; path = Info.plist; sourceTree = "<group>"; };
		9A7B9EC420621DBC0011ACF1 /* FirstAppUITests.xctest */ = {isa = PBXFileReference; explicitFileType = wrapper.cfbundle; includeInIndex = 0; path = FirstAppUITests.xctest; sourceTree = BUILT_PRODUCTS_DIR; };
		9A7B9EC820621DBC0011ACF1 /* FirstAppUITests.swift */ = {isa = PBXFileReference; lastKnownFileType = sourcecode.swift; path = FirstAppUITests.swift; sourceTree = "<group>"; };
		9A7B9ECA20621DBC0011ACF1 /* Info.plist */ = {isa = PBXFileReference; lastKnownFileType = text.plist.xml; path = Info.plist; sourceTree = "<group>"; };
/* End PBXFileReference section */

/* Begin PBXFrameworksBuildPhase section */
		9A7B9EA220621DBC0011ACF1 /* Frameworks */ = {
			isa = PBXFrameworksBuildPhase;
			buildActionMask = 2147483647;
			files = (
			);
			runOnlyForDeploymentPostprocessing = 0;
		};
		9A7B9EB620621DBC0011ACF1 /* Frameworks */ = {
			isa = PBXFrameworksBuildPhase;
			buildActionMask = 2147483647;
			files = (
			);
			runOnlyForDeploymentPostprocessing = 0;
		};
		9A7B9EC120621DBC0011ACF1 /* Frameworks */ = {
			isa = PBXFrameworksBuildPhase;
			buildActionMask = 2147483647;
			files = (
			);
			runOnlyForDeploymentPostprocessing = 0;
		};
/* End PBXFrameworksBuildPhase section */

/* Begin PBXGroup section */
		9A7B9E9C20621DBC0011ACF1 = {
			isa = PBXGroup;
			children = (
				9A7B9EA720621DBC0011ACF1 /* FirstApp */,
				9A7B9EBC20621DBC0011ACF1 /* FirstAppTests */,
				9A7B9EC720621DBC0011ACF1 /* FirstAppUITests */,
				9A7B9EA620621DBC0011ACF1 /* Products */,
			);
			sourceTree = "<group>";
		};
		9A7B9EA620621DBC0011ACF1 /* Products */ = {
			isa = PBXGroup;
			children = (
				9A7B9EA520621DBC0011ACF1 /* FirstApp.app */,
				9A7B9EB920621DBC0011ACF1 /* FirstAppTests.xctest */,
				9A7B9EC420621DBC0011ACF1 /* FirstAppUITests.xctest */,
			);
			name = Products;
			sourceTree = "<group>";
		};
		9A7B9EA720621DBC0011ACF1 /* FirstApp */ = {
			isa = PBXGroup;
			children = (
				9A7B9EA820621DBC0011ACF1 /* AppDelegate.swift */,
				9A7B9EAA20621DBC0011ACF1 /* ViewController.swift */,
				9A7B9EAC20621DBC0011ACF1 /* Main.storyboard */,
				9A7B9EAF20621DBC0011ACF1 /* Assets.xcassets */,
				9A7B9EB120621DBC0011ACF1 /* LaunchScreen.storyboard */,
				9A7B9EB420621DBC0011ACF1 /* Info.plist */,
			);
			path = FirstApp;
			sourceTree = "<group>";
		};
		9A7B9EBC20621DBC0011ACF1 /* FirstAppTests */ = {
			isa = PBXGroup;
			children = (
				9A7B9EBD20621DBC0011ACF1 /* FirstAppTests.swift */,
				9A7B9EBF20621DBC0011ACF1 /* Info.plist */,
			);
			path = FirstAppTests;
			sourceTree = "<group>";
		};
		9A7B9EC720621DBC0011ACF1 /* FirstAppUITests */ = {
			isa = PBXGroup;
			children = (
				9A7B9EC820621DBC0011ACF1 /* FirstAppUITests.swift */,
				9A7B9ECA20621DBC0011ACF1 /* Info.plist */,
			);
			path = FirstAppUITests;
			sourceTree = "<group>";
		};
/* End PBXGroup section */

/* Begin PBXNativeTarget section */
		9A7B9EA420621DBC0011ACF1 /* FirstApp */ = {
			isa = PBXNativeTarget;
			buildConfigurationList = 9A7B9ECD20621DBC0011ACF1 /* Build configuration list for PBXNativeTarget "FirstApp" */;
			buildPhases = (
				9A7B9EA120621DBC0011ACF1 /* Sources */,
				9A7B9EA220621DBC0011ACF1 /* Frameworks */,
				9A7B9EA320621DBC0011ACF1 /* Resources */,
			);
			buildRules = (
			);
			dependencies = (
			);
			name = FirstApp;
			productName = FirstApp;
			productReference = 9A7B9EA520621DBC0011ACF1 /* FirstApp.app */;
			productType = "com.apple.product-type.application";
		};
		9A7B9EB820621DBC0011ACF1 /* FirstAppTests */ = {
			isa = PBXNativeTarget;
			buildConfigurationList = 9A7B9ED020621DBC0011ACF1 /* Build configuration list for PBXNativeTarget "FirstAppTests" */;
			buildPhases = (
				9A7B9EB520621DBC0011ACF1 /* Sources */,
				9A7B9EB620621DBC0011ACF1 /* Frameworks */,
				9A7B9EB720621DBC0011ACF1 /* Resources */,
			);
			buildRules = (
			);
			dependencies = (
				9A7B9EBB20621DBC0011ACF1 /* PBXTargetDependency */,
			);
			name = FirstAppTests;
			productName = FirstAppTests;
			productReference = 9A7B9EB920621DBC0011ACF1 /* FirstAppTests.xctest */;
			productType = "com.apple.product-type.bundle.unit-test";
		};
		9A7B9EC320621DBC0011ACF1 /* FirstAppUITests */ = {
			isa = PBXNativeTarget;
			buildConfigurationList = 9A7B9ED320621DBC0011ACF1 /* Build configuration list for PBXNativeTarget "FirstAppUITests" */;
			buildPhases = (
				9A7B9EC020621DBC0011ACF1 /* Sources */,
				9A7B9EC120621DBC0011ACF1 /* Frameworks */,
				9A7B9EC220621DBC0011ACF1 /* Resources */,
			);
			buildRules = (
			);
			dependencies = (
				9A7B9EC620621DBC0011ACF1 /* PBXTargetDependency */,
			);
			name = FirstAppUITests;
			productName = FirstAppUITests;
			productReference = 9A7B9EC420621DBC0011ACF1 /* FirstAppUITests.xctest */;
			productType = "com.apple.product-type.bundle.ui-testing";
		};
/* End PBXNativeTarget section */

/* Begin PBXProject section */
		9A7B9E9D20621DBC0011ACF1 /* Project object */ = {
			isa = PBXProject;
			attributes = {
				LastSwiftUpdateCheck = 0920;
				LastUpgradeCheck = 0920;
				ORGANIZATIONNAME = jjj;
				TargetAttributes = {
					9A7B9EA420621DBC0011ACF1 = {
						CreatedOnToolsVersion = 9.2;
						ProvisioningStyle = Automatic;
					};
					9A7B9EB820621DBC0011ACF1 = {
						CreatedOnToolsVersion = 9.2;
						ProvisioningStyle = Automatic;
						TestTargetID = 9A7B9EA420621DBC0011ACF1;
					};
					9A7B9EC320621DBC0011ACF1 = {
						CreatedOnToolsVersion = 9.2;
						ProvisioningStyle = Automatic;
						TestTargetID = 9A7B9EA420621DBC0011ACF1;
					};
				};
			};
			buildConfigurationList = 9A7B9EA020621DBC0011ACF1 /* Build configuration list for PBXProject "FirstApp" */;
			compatibilityVersion = "Xcode 8.0";
			developmentRegion = en;
			hasScannedForEncodings = 0;
			knownRegions = (
				en,
				Base,
			);
			mainGroup = 9A7B9E9C20621DBC0011ACF1;
			productRefGroup = 9A7B9EA620621DBC0011ACF1 /* Products */;
			projectDirPath = "";
			projectRoot = "";
			targets = (
				9A7B9EA420621DBC0011ACF1 /* FirstApp */,
				9A7B9EB820621DBC0011ACF1 /* FirstAppTests */,
				9A7B9EC320621DBC0011ACF1 /* FirstAppUITests */,
			);
		};
/* End PBXProject section */

/* Begin PBXResourcesBuildPhase section */
		9A7B9EA320621DBC0011ACF1 /* Resources */ = {
			isa = PBXResourcesBuildPhase;
			buildActionMask = 2147483647;
			files = (
				9A7B9EB320621DBC0011ACF1 /* LaunchScreen.storyboard in Resources */,
				9A7B9EB020621DBC0011ACF1 /* Assets.xcassets in Resources */,
				9A7B9EAE20621DBC0011ACF1 /* Main.storyboard in Resources */,
			);
			runOnlyForDeploymentPostprocessing = 0;
		};
		9A7B9EB720621DBC0011ACF1 /* Resources */ = {
			isa = PBXResourcesBuildPhase;
			buildActionMask = 2147483647;
			files = (
			);
			runOnlyForDeploymentPostprocessing = 0;
		};
		9A7B9EC220621DBC0011ACF1 /* Resources */ = {
			isa = PBXResourcesBuildPhase;
			buildActionMask = 2147483647;
			files = (
			);
			runOnlyForDeploymentPostprocessing = 0;
		};
/* End PBXResourcesBuildPhase section */

/* Begin PBXSourcesBuildPhase section */
		9A7B9EA120621DBC0011ACF1 /* Sources */ = {
			isa = PBXSourcesBuildPhase;
			buildActionMask = 2147483647;
			files = (
				9A7B9EAB20621DBC0011ACF1 /* ViewController.swift in Sources */,
				9A7B9EA920621DBC0011ACF1 /* AppDelegate.swift in Sources */,
			);
			runOnlyForDeploymentPostprocessing = 0;
		};
		9A7B9EB520621DBC0011ACF1 /* Sources */ = {
			isa = PBXSourcesBuildPhase;
			buildActionMask = 2147483647;
			files = (
				9A7B9EBE20621DBC0011ACF1 /* FirstAppTests.swift in Sources */,
			);
			runOnlyForDeploymentPostprocessing = 0;
		};
		9A7B9EC020621DBC0011ACF1 /* Sources */ = {
			isa = PBXSourcesBuildPhase;
			buildActionMask = 2147483647;
			files = (
				9A7B9EC920621DBC0011ACF1 /* FirstAppUITests.swift in Sources */,
			);
			runOnlyForDeploymentPostprocessing = 0;
		};
/* End PBXSourcesBuildPhase section */

/* Begin PBXTargetDependency section */
		9A7B9EBB20621DBC0011ACF1 /* PBXTargetDependency */ = {
			isa = PBXTargetDependency;
			target = 9A7B9EA420621DBC0011ACF1 /* FirstApp */;
			targetProxy = 9A7B9EBA20621DBC0011ACF1 /* PBXContainerItemProxy */;
		};
		9A7B9EC620621DBC0011ACF1 /* PBXTargetDependency */ = {
			isa = PBXTargetDependency;
			target = 9A7B9EA420621DBC0011ACF1 /* FirstApp */;
			targetProxy = 9A7B9EC520621DBC0011ACF1 /* PBXContainerItemProxy */;
		};
/* End PBXTargetDependency section */

/* Begin PBXVariantGroup section */
		9A7B9EAC20621DBC0011ACF1 /* Main.storyboard */ = {
			isa = PBXVariantGroup;
			children = (
				9A7B9EAD20621DBC0011ACF1 /* Base */,
			);
			name = Main.storyboard;
			sourceTree = "<group>";
		};
		9A7B9EB120621DBC0011ACF1 /* LaunchScreen.storyboard */ = {
			isa = PBXVariantGroup;
			children = (
				9A7B9EB220621DBC0011ACF1 /* Base */,
			);
			name = LaunchScreen.storyboard;
			sourceTree = "<group>";
		};
/* End PBXVariantGroup section */

/* Begin XCBuildConfiguration section */
		9A7B9ECB20621DBC0011ACF1 /* Debug */ = {
			isa = XCBuildConfiguration;
			buildSettings = {
				ALWAYS_SEARCH_USER_PATHS = NO;
				CLANG_ANALYZER_NONNULL = YES;
				CLANG_ANALYZER_NUMBER_OBJECT_CONVERSION = YES_AGGRESSIVE;
				CLANG_CXX_LANGUAGE_STANDARD = "gnu++14";
				CLANG_CXX_LIBRARY = "libc++";
				CLANG_ENABLE_MODULES = YES;
				CLANG_ENABLE_OBJC_ARC = YES;
				CLANG_WARN_BLOCK_CAPTURE_AUTORELEASING = YES;
				CLANG_WARN_BOOL_CONVERSION = YES;
				CLANG_WARN_COMMA = YES;
				CLANG_WARN_CONSTANT_CONVERSION = YES;
				CLANG_WARN_DIRECT_OBJC_ISA_USAGE = YES_ERROR;
				CLANG_WARN_DOCUMENTATION_COMMENTS = YES;
				CLANG_WARN_EMPTY_BODY = YES;
				CLANG_WARN_ENUM_CONVERSION = YES;
				CLANG_WARN_INFINITE_RECURSION = YES;
				CLANG_WARN_INT_CONVERSION = YES;
				CLANG_WARN_NON_LITERAL_NULL_CONVERSION = YES;
				CLANG_WARN_OBJC_LITERAL_CONVERSION = YES;
				CLANG_WARN_OBJC_ROOT_CLASS = YES_ERROR;
				CLANG_WARN_RANGE_LOOP_ANALYSIS = YES;
				CLANG_WARN_STRICT_PROTOTYPES = YES;
				CLANG_WARN_SUSPICIOUS_MOVE = YES;
				CLANG_WARN_UNGUARDED_AVAILABILITY = YES_AGGRESSIVE;
				CLANG_WARN_UNREACHABLE_CODE = YES;
				CLANG_WARN__DUPLICATE_METHOD_MATCH = YES;
				CODE_SIGN_IDENTITY = "iPhone Developer";
				COPY_PHASE_STRIP = NO;
				DEBUG_INFORMATION_FORMAT = dwarf;
				ENABLE_STRICT_OBJC_MSGSEND = YES;
				ENABLE_TESTABILITY = YES;
				GCC_C_LANGUAGE_STANDARD = gnu11;
				GCC_DYNAMIC_NO_PIC = NO;
				GCC_NO_COMMON_BLOCKS = YES;
				GCC_OPTIMIZATION_LEVEL = 0;
				GCC_PREPROCESSOR_DEFINITIONS = (
					"DEBUG=1",
					"$(inherited)",
				);
				GCC_WARN_64_TO_32_BIT_CONVERSION = YES;
				GCC_WARN_ABOUT_RETURN_TYPE = YES_ERROR;
				GCC_WARN_UNDECLARED_SELECTOR = YES;
				GCC_WARN_UNINITIALIZED_AUTOS = YES_AGGRESSIVE;
				GCC_WARN_UNUSED_FUNCTION = YES;
				GCC_WARN_UNUSED_VARIABLE = YES;
				IPHONEOS_DEPLOYMENT_TARGET = 11.2;
				MTL_ENABLE_DEBUG_INFO = YES;
				ONLY_ACTIVE_ARCH = YES;
				SDKROOT = iphoneos;
				SWIFT_ACTIVE_COMPILATION_CONDITIONS = DEBUG;
				SWIFT_OPTIMIZATION_LEVEL = "-Onone";
			};
			name = Debug;
		};
		9A7B9ECC20621DBC0011ACF1 /* Release */ = {
			isa = XCBuildConfiguration;
			buildSettings = {
				ALWAYS_SEARCH_USER_PATHS = NO;
				CLANG_ANALYZER_NONNULL = YES;
				CLANG_ANALYZER_NUMBER_OBJECT_CONVERSION = YES_AGGRESSIVE;
				CLANG_CXX_LANGUAGE_STANDARD = "gnu++14";
				CLANG_CXX_LIBRARY = "libc++";
				CLANG_ENABLE_MODULES = YES;
				CLANG_ENABLE_OBJC_ARC = YES;
				CLANG_WARN_BLOCK_CAPTURE_AUTORELEASING = YES;
				CLANG_WARN_BOOL_CONVERSION = YES;
				CLANG_WARN_COMMA = YES;
				CLANG_WARN_CONSTANT_CONVERSION = YES;
				CLANG_WARN_DIRECT_OBJC_ISA_USAGE = YES_ERROR;
				CLANG_WARN_DOCUMENTATION_COMMENTS = YES;
				CLANG_WARN_EMPTY_BODY = YES;
				CLANG_WARN_ENUM_CONVERSION = YES;
				CLANG_WARN_INFINITE_RECURSION = YES;
				CLANG_WARN_INT_CONVERSION = YES;
				CLANG_WARN_NON_LITERAL_NULL_CONVERSION = YES;
				CLANG_WARN_OBJC_LITERAL_CONVERSION = YES;
				CLANG_WARN_OBJC_ROOT_CLASS = YES_ERROR;
				CLANG_WARN_RANGE_LOOP_ANALYSIS = YES;
				CLANG_WARN_STRICT_PROTOTYPES = YES;
				CLANG_WARN_SUSPICIOUS_MOVE = YES;
				CLANG_WARN_UNGUARDED_AVAILABILITY = YES_AGGRESSIVE;
				CLANG_WARN_UNREACHABLE_CODE = YES;
				CLANG_WARN__DUPLICATE_METHOD_MATCH = YES;
				CODE_SIGN_IDENTITY = "iPhone Developer";
				COPY_PHASE_STRIP = NO;
				DEBUG_INFORMATION_FORMAT = "dwarf-with-dsym";
				ENABLE_NS_ASSERTIONS = NO;
				ENABLE_STRICT_OBJC_MSGSEND = YES;
				GCC_C_LANGUAGE_STANDARD = gnu11;
				GCC_NO_COMMON_BLOCKS = YES;
				GCC_WARN_64_TO_32_BIT_CONVERSION = YES;
				GCC_WARN_ABOUT_RETURN_TYPE = YES_ERROR;
				GCC_WARN_UNDECLARED_SELECTOR = YES;
				GCC_WARN_UNINITIALIZED_AUTOS = YES_AGGRESSIVE;
				GCC_WARN_UNUSED_FUNCTION = YES;
				GCC_WARN_UNUSED_VARIABLE = YES;
				IPHONEOS_DEPLOYMENT_TARGET = 11.2;
				MTL_ENABLE_DEBUG_INFO = NO;
				SDKROOT = iphoneos;
				SWIFT_OPTIMIZATION_LEVEL = "-Owholemodule";
				VALIDATE_PRODUCT = YES;
			};
			name = Release;
		};
		9A7B9ECE20621DBC0011ACF1 /* Debug */ = {
			isa = XCBuildConfiguration;
			buildSettings = {
				ASSETCATALOG_COMPILER_APPICON_NAME = AppIcon;
				CODE_SIGN_STYLE = Automatic;
				INFOPLIST_FILE = FirstApp/Info.plist;
				LD_RUNPATH_SEARCH_PATHS = "$(inherited) @executable_path/Frameworks";
				PRODUCT_BUNDLE_IDENTIFIER = kr.ac.sogang.jjj.FirstApp;
				PRODUCT_NAME = "$(TARGET_NAME)";
				SWIFT_VERSION = 4.0;
				TARGETED_DEVICE_FAMILY = "1,2";
			};
			name = Debug;
		};
		9A7B9ECF20621DBC0011ACF1 /* Release */ = {
			isa = XCBuildConfiguration;
			buildSettings = {
				ASSETCATALOG_COMPILER_APPICON_NAME = AppIcon;
				CODE_SIGN_STYLE = Automatic;
				INFOPLIST_FILE = FirstApp/Info.plist;
				LD_RUNPATH_SEARCH_PATHS = "$(inherited) @executable_path/Frameworks";
				PRODUCT_BUNDLE_IDENTIFIER = kr.ac.sogang.jjj.FirstApp;
				PRODUCT_NAME = "$(TARGET_NAME)";
				SWIFT_VERSION = 4.0;
				TARGETED_DEVICE_FAMILY = "1,2";
			};
			name = Release;
		};
		9A7B9ED120621DBC0011ACF1 /* Debug */ = {
			isa = XCBuildConfiguration;
			buildSettings = {
				ALWAYS_EMBED_SWIFT_STANDARD_LIBRARIES = YES;
				BUNDLE_LOADER = "$(TEST_HOST)";
				CODE_SIGN_STYLE = Automatic;
				INFOPLIST_FILE = FirstAppTests/Info.plist;
				LD_RUNPATH_SEARCH_PATHS = "$(inherited) @executable_path/Frameworks @loader_path/Frameworks";
				PRODUCT_BUNDLE_IDENTIFIER = kr.ac.sogang.jjj.FirstAppTests;
				PRODUCT_NAME = "$(TARGET_NAME)";
				SWIFT_VERSION = 4.0;
				TARGETED_DEVICE_FAMILY = "1,2";
				TEST_HOST = "$(BUILT_PRODUCTS_DIR)/FirstApp.app/FirstApp";
			};
			name = Debug;
		};
		9A7B9ED220621DBC0011ACF1 /* Release */ = {
			isa = XCBuildConfiguration;
			buildSettings = {
				ALWAYS_EMBED_SWIFT_STANDARD_LIBRARIES = YES;
				BUNDLE_LOADER = "$(TEST_HOST)";
				CODE_SIGN_STYLE = Automatic;
				INFOPLIST_FILE = FirstAppTests/Info.plist;
				LD_RUNPATH_SEARCH_PATHS = "$(inherited) @executable_path/Frameworks @loader_path/Frameworks";
				PRODUCT_BUNDLE_IDENTIFIER = kr.ac.sogang.jjj.FirstAppTests;
				PRODUCT_NAME = "$(TARGET_NAME)";
				SWIFT_VERSION = 4.0;
				TARGETED_DEVICE_FAMILY = "1,2";
				TEST_HOST = "$(BUILT_PRODUCTS_DIR)/FirstApp.app/FirstApp";
			};
			name = Release;
		};
		9A7B9ED420621DBC0011ACF1 /* Debug */ = {
			isa = XCBuildConfiguration;
			buildSettings = {
				ALWAYS_EMBED_SWIFT_STANDARD_LIBRARIES = YES;
				CODE_SIGN_STYLE = Automatic;
				INFOPLIST_FILE = FirstAppUITests/Info.plist;
				LD_RUNPATH_SEARCH_PATHS = "$(inherited) @executable_path/Frameworks @loader_path/Frameworks";
				PRODUCT_BUNDLE_IDENTIFIER = kr.ac.sogang.jjj.FirstAppUITests;
				PRODUCT_NAME = "$(TARGET_NAME)";
				SWIFT_VERSION = 4.0;
				TARGETED_DEVICE_FAMILY = "1,2";
				TEST_TARGET_NAME = FirstApp;
			};
			name = Debug;
		};
		9A7B9ED520621DBC0011ACF1 /* Release */ = {
			isa = XCBuildConfiguration;
			buildSettings = {
				ALWAYS_EMBED_SWIFT_STANDARD_LIBRARIES = YES;
				CODE_SIGN_STYLE = Automatic;
				INFOPLIST_FILE = FirstAppUITests/Info.plist;
				LD_RUNPATH_SEARCH_PATHS = "$(inherited) @executable_path/Frameworks @loader_path/Frameworks";
				PRODUCT_BUNDLE_IDENTIFIER = kr.ac.sogang.jjj.FirstAppUITests;
				PRODUCT_NAME = "$(TARGET_NAME)";
				SWIFT_VERSION = 4.0;
				TARGETED_DEVICE_FAMILY = "1,2";
				TEST_TARGET_NAME = FirstApp;
			};
			name = Release;
		};
/* End XCBuildConfiguration section */

/* Begin XCConfigurationList section */
		9A7B9EA020621DBC0011ACF1 /* Build configuration list for PBXProject "FirstApp" */ = {
			isa = XCConfigurationList;
			buildConfigurations = (
				9A7B9ECB20621DBC0011ACF1 /* Debug */,
				9A7B9ECC20621DBC0011ACF1 /* Release */,
			);
			defaultConfigurationIsVisible = 0;
			defaultConfigurationName = Release;
		};
		9A7B9ECD20621DBC0011ACF1 /* Build configuration list for PBXNativeTarget "FirstApp" */ = {
			isa = XCConfigurationList;
			buildConfigurations = (
				9A7B9ECE20621DBC0011ACF1 /* Debug */,
				9A7B9ECF20621DBC0011ACF1 /* Release */,
			);
			defaultConfigurationIsVisible = 0;
			defaultConfigurationName = Release;
		};
		9A7B9ED020621DBC0011ACF1 /* Build configuration list for PBXNativeTarget "FirstAppTests" */ = {
			isa = XCConfigurationList;
			buildConfigurations = (
				9A7B9ED120621DBC0011ACF1 /* Debug */,
				9A7B9ED220621DBC0011ACF1 /* Release */,
			);
			defaultConfigurationIsVisible = 0;
			defaultConfigurationName = Release;
		};
		9A7B9ED320621DBC0011ACF1 /* Build configuration list for PBXNativeTarget "FirstAppUITests" */ = {
			isa = XCConfigurationList;
			buildConfigurations = (
				9A7B9ED420621DBC0011ACF1 /* Debug */,
				9A7B9ED520621DBC0011ACF1 /* Release */,
			);
			defaultConfigurationIsVisible = 0;
			defaultConfigurationName = Release;
		};
/* End XCConfigurationList section */
	};
	rootObject = 9A7B9E9D20621DBC0011ACF1 /* Project object */;
}
